<Solution>
  <Configurations>
    <Platform Name="Any CPU" />
    <Platform Name="x64" />
    <Platform Name="x86" />
  </Configurations>
  <Folder Name="/problems/">
    <Project Path="problems/001_hello/001_hello.csproj" />
    <Project Path="problems/002_two_ints/002_two_ints.csproj" />
    <Project Path="problems/003_n_lines/003_n_lines.csproj" />
    <Project Path="problems/004_文字列_paiza_を出力してください/004_文字列_paiza_を出力してください.csproj" />
    <Project Path="problems/005_2_つの文字列を出力/005_2_つの文字列を出力.csproj" />
    <Project Path="problems/006_1_行の出力/006_1_行の出力.csproj" />
    <Project Path="problems/007_3_行の出力/007_3_行の出力.csproj" />
    <Project Path="problems/008_B136：チョコのお返し/008_B136：チョコのお返し.csproj" />
    <Project Path="problems/009_B174：クロスワード/009_B174：クロスワード.csproj" />
    <Project Path="problems/010_B157：節約魂/010_B157：節約魂.csproj" />
    <Project Path="problems/011_B145：ビンゴゲームの判定/011_B145：ビンゴゲームの判定.csproj" />
    <Project Path="problems/012_B155：スタンプアート/012_B155：スタンプアート.csproj" />
    <Project Path="problems/013_B138：ドーナツ/013_B138：ドーナツ.csproj" />
  </Folder>
</Solution>